{
  "name": "export",
  "version": "1.0.0",
  "lockfileVersion": 3,
  "requires": true,
  "packages": {
    "": {
      "name": "export",
      "version": "1.0.0",
      "license": "ISC",
      "dependencies": {
        "tecnicasdeprogramacao": "github:GustavoAC0802/RJ4"
      }
    },
    "node_modules/tecnicasdeprogramacao": {
      "version": "1.0.0",
      "resolved": "git+ssh://git@github.com/GustavoAC0802/RJ4.git#a70a8fd0d06973c9b83c892706b8132dc64282fa",
      "license": "ISC"
    }
  }
}
